
Microsoft Visual Studio Solution File, Format Version 12.00
# Visual Studio Version 17
VisualStudioVersion = 17.8.34330.188
MinimumVisualStudioVersion = 10.0.40219.1
Project("{FAE04EC0-301F-11D3-BF4B-00C04F79EFBC}") = "SocketServer", "SocketServer\SocketServer.csproj", "{E26D8B36-E66B-426F-BAB0-17F9B3F169F9}"
EndProject
Project("{FAE04EC0-301F-11D3-BF4B-00C04F79EFBC}") = "SocketClient", "SocketClient\SocketClient.csproj", "{140E2E1A-755B-4CCE-9749-173BE9D0ED93}"
EndProject
Global
	GlobalSection(SolutionConfigurationPlatforms) = preSolution
		Debug|Any CPU = Debug|Any CPU
		Release|Any CPU = Release|Any CPU
	EndGlobalSection
	GlobalSection(ProjectConfigurationPlatforms) = postSolution
		{E26D8B36-E66B-426F-BAB0-17F9B3F169F9}.Debug|Any CPU.ActiveCfg = Debug|Any CPU
		{E26D8B36-E66B-426F-BAB0-17F9B3F169F9}.Debug|Any CPU.Build.0 = Debug|Any CPU
		{E26D8B36-E66B-426F-BAB0-17F9B3F169F9}.Release|Any CPU.ActiveCfg = Release|Any CPU
		{E26D8B36-E66B-426F-BAB0-17F9B3F169F9}.Release|Any CPU.Build.0 = Release|Any CPU
		{140E2E1A-755B-4CCE-9749-173BE9D0ED93}.Debug|Any CPU.ActiveCfg = Debug|Any CPU
		{140E2E1A-755B-4CCE-9749-173BE9D0ED93}.Debug|Any CPU.Build.0 = Debug|Any CPU
		{140E2E1A-755B-4CCE-9749-173BE9D0ED93}.Release|Any CPU.ActiveCfg = Release|Any CPU
		{140E2E1A-755B-4CCE-9749-173BE9D0ED93}.Release|Any CPU.Build.0 = Release|Any CPU
	EndGlobalSection
	GlobalSection(SolutionProperties) = preSolution
		HideSolutionNode = FALSE
	EndGlobalSection
	GlobalSection(ExtensibilityGlobals) = postSolution
		SolutionGuid = {5FE68941-2C42-4C11-9952-04B2F9D136C3}
	EndGlobalSection
EndGlobal
