
Microsoft Visual Studio Solution File, Format Version 12.00
# Visual Studio Version 17
VisualStudioVersion = 17.4.33403.182
MinimumVisualStudioVersion = 10.0.40219.1
Project("{FAE04EC0-301F-11D3-BF4B-00C04F79EFBC}") = "SendTelegram-ev", "SendTelegram-ev\SendTelegram-ev.csproj", "{73FD79BC-303A-4E8C-9EDC-AF20DF9DA717}"
EndProject
Global
	GlobalSection(SolutionConfigurationPlatforms) = preSolution
		Debug|Any CPU = Debug|Any CPU
		Release|Any CPU = Release|Any CPU
	EndGlobalSection
	GlobalSection(ProjectConfigurationPlatforms) = postSolution
		{73FD79BC-303A-4E8C-9EDC-AF20DF9DA717}.Debug|Any CPU.ActiveCfg = Debug|Any CPU
		{73FD79BC-303A-4E8C-9EDC-AF20DF9DA717}.Debug|Any CPU.Build.0 = Debug|Any CPU
		{73FD79BC-303A-4E8C-9EDC-AF20DF9DA717}.Release|Any CPU.ActiveCfg = Release|Any CPU
		{73FD79BC-303A-4E8C-9EDC-AF20DF9DA717}.Release|Any CPU.Build.0 = Release|Any CPU
	EndGlobalSection
	GlobalSection(SolutionProperties) = preSolution
		HideSolutionNode = FALSE
	EndGlobalSection
	GlobalSection(ExtensibilityGlobals) = postSolution
		SolutionGuid = {DA00DC0B-FCD4-4A87-A369-923AE91DC105}
	EndGlobalSection
EndGlobal
