
Microsoft Visual Studio Solution File, Format Version 12.00
# Visual Studio Version 17
VisualStudioVersion = 17.4.33205.214
MinimumVisualStudioVersion = 10.0.40219.1
Project("{FAE04EC0-301F-11D3-BF4B-00C04F79EFBC}") = "WeatherBunny", "WeatherBunny\WeatherBunny.csproj", "{664ED4D2-A1FC-451D-9BB5-4F784F3FBCFD}"
EndProject
Global
	GlobalSection(SolutionConfigurationPlatforms) = preSolution
		Debug|Any CPU = Debug|Any CPU
		Release|Any CPU = Release|Any CPU
	EndGlobalSection
	GlobalSection(ProjectConfigurationPlatforms) = postSolution
		{664ED4D2-A1FC-451D-9BB5-4F784F3FBCFD}.Debug|Any CPU.ActiveCfg = Debug|Any CPU
		{664ED4D2-A1FC-451D-9BB5-4F784F3FBCFD}.Debug|Any CPU.Build.0 = Debug|Any CPU
		{664ED4D2-A1FC-451D-9BB5-4F784F3FBCFD}.Release|Any CPU.ActiveCfg = Release|Any CPU
		{664ED4D2-A1FC-451D-9BB5-4F784F3FBCFD}.Release|Any CPU.Build.0 = Release|Any CPU
	EndGlobalSection
	GlobalSection(SolutionProperties) = preSolution
		HideSolutionNode = FALSE
	EndGlobalSection
	GlobalSection(ExtensibilityGlobals) = postSolution
		SolutionGuid = {43004D40-B57B-4389-B9B9-DD03AA0CA6E8}
	EndGlobalSection
EndGlobal
