
Microsoft Visual Studio Solution File, Format Version 12.00
# Visual Studio Version 17
VisualStudioVersion = 17.9.34622.214
MinimumVisualStudioVersion = 10.0.40219.1
Project("{FAE04EC0-301F-11D3-BF4B-00C04F79EFBC}") = "Cryptography", "Cryptography\Cryptography.csproj", "{184050C6-715A-4B72-8A0A-206FC36C72D0}"
EndProject
Global
	GlobalSection(SolutionConfigurationPlatforms) = preSolution
		Debug|Any CPU = Debug|Any CPU
		Release|Any CPU = Release|Any CPU
	EndGlobalSection
	GlobalSection(ProjectConfigurationPlatforms) = postSolution
		{184050C6-715A-4B72-8A0A-206FC36C72D0}.Debug|Any CPU.ActiveCfg = Debug|Any CPU
		{184050C6-715A-4B72-8A0A-206FC36C72D0}.Debug|Any CPU.Build.0 = Debug|Any CPU
		{184050C6-715A-4B72-8A0A-206FC36C72D0}.Release|Any CPU.ActiveCfg = Release|Any CPU
		{184050C6-715A-4B72-8A0A-206FC36C72D0}.Release|Any CPU.Build.0 = Release|Any CPU
	EndGlobalSection
	GlobalSection(SolutionProperties) = preSolution
		HideSolutionNode = FALSE
	EndGlobalSection
	GlobalSection(ExtensibilityGlobals) = postSolution
		SolutionGuid = {237A1FCB-94FA-46CA-9A32-0252EDB88F81}
	EndGlobalSection
EndGlobal
